
Microsoft Visual Studio Solution File, Format Version 12.00
# Visual Studio Version 17
VisualStudioVersion = 17.0.31903.59
MinimumVisualStudioVersion = 10.0.40219.1
Project("{9A19103F-16F7-4668-BE54-9A1E7A4F7556}") = "TriviaBotDSharp", "TriviaBotDSharp\TriviaBotDSharp.csproj", "{C618D1FC-98FF-4B47-9B0E-68F27E0C937C}"
EndProject
Project("{2150E333-8FDC-42A3-9474-1A3956D46DE8}") = "TriviaBotDSharp.Bots", "TriviaBotDSharp.Bots", "{A71D98BD-FDE9-4E18-96E6-7141CCAD7A55}"
EndProject
Project("{2150E333-8FDC-42A3-9474-1A3956D46DE8}") = "TriviaBotDSharp.DAL", "TriviaBotDSharp.DAL", "{1AC3DA18-1563-4A69-950F-EAC87EAD84F0}"
EndProject
Project("{9A19103F-16F7-4668-BE54-9A1E7A4F7556}") = "TriviaBotDSharp.DAL", "TriviaBotDSharp.DAL\TriviaBotDSharp.DAL.csproj", "{0873BF30-4CE8-40FC-B5A5-08C1B219493E}"
EndProject
Project("{9A19103F-16F7-4668-BE54-9A1E7A4F7556}") = "TriviaBotDSharp.DAL.Migrations", "TriviaBotDSharp.DAL.Migrations\TriviaBotDSharp.DAL.Migrations.csproj", "{87E8062D-4A34-47F0-AD4D-5B155870DE97}"
EndProject
Project("{2150E333-8FDC-42A3-9474-1A3956D46DE8}") = "TriviaBotDSharp.Core", "TriviaBotDSharp.Core", "{27061071-0428-4CBD-8C95-F9A4C7A783E0}"
EndProject
Project("{9A19103F-16F7-4668-BE54-9A1E7A4F7556}") = "TriviaBotDSharp.Core", "TriviaBotDSharp.Core\TriviaBotDSharp.Core.csproj", "{5AB34663-616B-4BFB-B9AD-BDB2ABDE2D3E}"
EndProject
Project("{2150E333-8FDC-42A3-9474-1A3956D46DE8}") = "TriviaBotDSharp.API", "TriviaBotDSharp.API", "{157DD200-E3C7-42BF-B5DE-1793F2A9E233}"
EndProject
Project("{FAE04EC0-301F-11D3-BF4B-00C04F79EFBC}") = "TriviaBotDSharp.API", "TriviaBotDSharp.API\TriviaBotDSharp.API.csproj", "{70FB519A-5F40-402E-9614-22C0DCA5929F}"
EndProject
Global
	GlobalSection(SolutionConfigurationPlatforms) = preSolution
		Debug|Any CPU = Debug|Any CPU
		Release|Any CPU = Release|Any CPU
	EndGlobalSection
	GlobalSection(ProjectConfigurationPlatforms) = postSolution
		{C618D1FC-98FF-4B47-9B0E-68F27E0C937C}.Debug|Any CPU.ActiveCfg = Debug|Any CPU
		{C618D1FC-98FF-4B47-9B0E-68F27E0C937C}.Debug|Any CPU.Build.0 = Debug|Any CPU
		{C618D1FC-98FF-4B47-9B0E-68F27E0C937C}.Release|Any CPU.ActiveCfg = Release|Any CPU
		{C618D1FC-98FF-4B47-9B0E-68F27E0C937C}.Release|Any CPU.Build.0 = Release|Any CPU
		{0873BF30-4CE8-40FC-B5A5-08C1B219493E}.Debug|Any CPU.ActiveCfg = Debug|Any CPU
		{0873BF30-4CE8-40FC-B5A5-08C1B219493E}.Debug|Any CPU.Build.0 = Debug|Any CPU
		{0873BF30-4CE8-40FC-B5A5-08C1B219493E}.Release|Any CPU.ActiveCfg = Release|Any CPU
		{0873BF30-4CE8-40FC-B5A5-08C1B219493E}.Release|Any CPU.Build.0 = Release|Any CPU
		{87E8062D-4A34-47F0-AD4D-5B155870DE97}.Debug|Any CPU.ActiveCfg = Debug|Any CPU
		{87E8062D-4A34-47F0-AD4D-5B155870DE97}.Debug|Any CPU.Build.0 = Debug|Any CPU
		{87E8062D-4A34-47F0-AD4D-5B155870DE97}.Release|Any CPU.ActiveCfg = Release|Any CPU
		{87E8062D-4A34-47F0-AD4D-5B155870DE97}.Release|Any CPU.Build.0 = Release|Any CPU
		{5AB34663-616B-4BFB-B9AD-BDB2ABDE2D3E}.Debug|Any CPU.ActiveCfg = Debug|Any CPU
		{5AB34663-616B-4BFB-B9AD-BDB2ABDE2D3E}.Debug|Any CPU.Build.0 = Debug|Any CPU
		{5AB34663-616B-4BFB-B9AD-BDB2ABDE2D3E}.Release|Any CPU.ActiveCfg = Release|Any CPU
		{5AB34663-616B-4BFB-B9AD-BDB2ABDE2D3E}.Release|Any CPU.Build.0 = Release|Any CPU
		{70FB519A-5F40-402E-9614-22C0DCA5929F}.Debug|Any CPU.ActiveCfg = Debug|Any CPU
		{70FB519A-5F40-402E-9614-22C0DCA5929F}.Debug|Any CPU.Build.0 = Debug|Any CPU
		{70FB519A-5F40-402E-9614-22C0DCA5929F}.Release|Any CPU.ActiveCfg = Release|Any CPU
		{70FB519A-5F40-402E-9614-22C0DCA5929F}.Release|Any CPU.Build.0 = Release|Any CPU
	EndGlobalSection
	GlobalSection(SolutionProperties) = preSolution
		HideSolutionNode = FALSE
	EndGlobalSection
	GlobalSection(NestedProjects) = preSolution
		{C618D1FC-98FF-4B47-9B0E-68F27E0C937C} = {A71D98BD-FDE9-4E18-96E6-7141CCAD7A55}
		{0873BF30-4CE8-40FC-B5A5-08C1B219493E} = {1AC3DA18-1563-4A69-950F-EAC87EAD84F0}
		{87E8062D-4A34-47F0-AD4D-5B155870DE97} = {1AC3DA18-1563-4A69-950F-EAC87EAD84F0}
		{5AB34663-616B-4BFB-B9AD-BDB2ABDE2D3E} = {27061071-0428-4CBD-8C95-F9A4C7A783E0}
		{70FB519A-5F40-402E-9614-22C0DCA5929F} = {157DD200-E3C7-42BF-B5DE-1793F2A9E233}
	EndGlobalSection
	GlobalSection(ExtensibilityGlobals) = postSolution
		SolutionGuid = {05C50BEE-6137-46BC-AA24-3B4BC2F6B81A}
	EndGlobalSection
EndGlobal
